
Microsoft Visual Studio Solution File, Format Version 12.00
# Visual Studio Version 17
VisualStudioVersion = 17.5.33627.172
MinimumVisualStudioVersion = 10.0.40219.1
Project("{FAE04EC0-301F-11D3-BF4B-00C04F79EFBC}") = "MusicShop", "MusicShop\MusicShop.csproj", "{DA7085CE-78BE-4F71-8AF8-725432E24244}"
EndProject
Project("{FAE04EC0-301F-11D3-BF4B-00C04F79EFBC}") = "ClassLibrary", "ClassLibrary\ClassLibrary.csproj", "{C40EDFEC-F27C-417D-BD08-C49726B07DF4}"
EndProject
Global
	GlobalSection(SolutionConfigurationPlatforms) = preSolution
		Debug|Any CPU = Debug|Any CPU
		Release|Any CPU = Release|Any CPU
	EndGlobalSection
	GlobalSection(ProjectConfigurationPlatforms) = postSolution
		{DA7085CE-78BE-4F71-8AF8-725432E24244}.Debug|Any CPU.ActiveCfg = Debug|Any CPU
		{DA7085CE-78BE-4F71-8AF8-725432E24244}.Debug|Any CPU.Build.0 = Debug|Any CPU
		{DA7085CE-78BE-4F71-8AF8-725432E24244}.Release|Any CPU.ActiveCfg = Release|Any CPU
		{DA7085CE-78BE-4F71-8AF8-725432E24244}.Release|Any CPU.Build.0 = Release|Any CPU
		{C40EDFEC-F27C-417D-BD08-C49726B07DF4}.Debug|Any CPU.ActiveCfg = Debug|Any CPU
		{C40EDFEC-F27C-417D-BD08-C49726B07DF4}.Debug|Any CPU.Build.0 = Debug|Any CPU
		{C40EDFEC-F27C-417D-BD08-C49726B07DF4}.Release|Any CPU.ActiveCfg = Release|Any CPU
		{C40EDFEC-F27C-417D-BD08-C49726B07DF4}.Release|Any CPU.Build.0 = Release|Any CPU
	EndGlobalSection
	GlobalSection(SolutionProperties) = preSolution
		HideSolutionNode = FALSE
	EndGlobalSection
	GlobalSection(ExtensibilityGlobals) = postSolution
		SolutionGuid = {D1E5B520-AF2D-4348-A6EE-80DA5263D56E}
	EndGlobalSection
EndGlobal
